
Microsoft Visual Studio Solution File, Format Version 12.00
# Visual Studio Version 16
VisualStudioVersion = 16.0.809.3
MinimumVisualStudioVersion = 10.0.40219.1
Project("{FAE04EC0-301F-11D3-BF4B-00C04F79EFBC}") = "PGN_Db_Operations", "PGN_Db_Operations\PGN_Db_Operations.csproj", "{16FBA307-F4D0-49E8-B1EC-E2954C7BEED5}"
EndProject
Global
	GlobalSection(SolutionConfigurationPlatforms) = preSolution
		Debug|Any CPU = Debug|Any CPU
		Release|Any CPU = Release|Any CPU
	EndGlobalSection
	GlobalSection(ProjectConfigurationPlatforms) = postSolution
		{16FBA307-F4D0-49E8-B1EC-E2954C7BEED5}.Debug|Any CPU.ActiveCfg = Debug|Any CPU
		{16FBA307-F4D0-49E8-B1EC-E2954C7BEED5}.Debug|Any CPU.Build.0 = Debug|Any CPU
		{16FBA307-F4D0-49E8-B1EC-E2954C7BEED5}.Release|Any CPU.ActiveCfg = Release|Any CPU
		{16FBA307-F4D0-49E8-B1EC-E2954C7BEED5}.Release|Any CPU.Build.0 = Release|Any CPU
	EndGlobalSection
	GlobalSection(SolutionProperties) = preSolution
		HideSolutionNode = FALSE
	EndGlobalSection
	GlobalSection(ExtensibilityGlobals) = postSolution
		SolutionGuid = {B51BFEC2-55E4-476D-8ABD-8DE4EDA32AFE}
	EndGlobalSection
EndGlobal
